
Microsoft Visual Studio Solution File, Format Version 12.00
# Visual Studio Version 17
VisualStudioVersion = 17.10.35013.160
MinimumVisualStudioVersion = 10.0.40219.1
Project("{2150E333-8FDC-42A3-9474-1A3956D46DE8}") = "Core", "Core", "{CD77E19C-60BE-4DC4-B94B-FEBA2DEF5B32}"
EndProject
Project("{2150E333-8FDC-42A3-9474-1A3956D46DE8}") = "Presentation", "Presentation", "{07446FC9-3525-47FC-997C-9B2E72F0DBE0}"
EndProject
Project("{2150E333-8FDC-42A3-9474-1A3956D46DE8}") = "Infrastructure", "Infrastructure", "{51C23541-03C3-4BB5-A903-2E4DEFC497F0}"
EndProject
Project("{FAE04EC0-301F-11D3-BF4B-00C04F79EFBC}") = "Domain", "Core\Domain\Domain.csproj", "{1BF00400-5FE2-4655-9259-672D389980AE}"
EndProject
Project("{FAE04EC0-301F-11D3-BF4B-00C04F79EFBC}") = "Application", "Core\Application\Application.csproj", "{D3E5EB16-CE96-432A-8A55-6C5F9802C2BF}"
EndProject
Project("{FAE04EC0-301F-11D3-BF4B-00C04F79EFBC}") = "Infrastructure", "Infrestructure\Infrastructure\Infrastructure.csproj", "{55D64FD3-9C21-4E69-A9CE-D0063CF870E7}"
EndProject
Project("{FAE04EC0-301F-11D3-BF4B-00C04F79EFBC}") = "Persistence", "Infrestructure\Persistence\Persistence.csproj", "{3620826E-11DF-4570-ABC7-6C185D6FC426}"
EndProject
Project("{FAE04EC0-301F-11D3-BF4B-00C04F79EFBC}") = "API", "Presentation\API\API.csproj", "{3C123745-2F1E-436A-A6E2-484C22C54FC0}"
EndProject
Global
	GlobalSection(SolutionConfigurationPlatforms) = preSolution
		Debug|Any CPU = Debug|Any CPU
		Release|Any CPU = Release|Any CPU
	EndGlobalSection
	GlobalSection(ProjectConfigurationPlatforms) = postSolution
		{1BF00400-5FE2-4655-9259-672D389980AE}.Debug|Any CPU.ActiveCfg = Debug|Any CPU
		{1BF00400-5FE2-4655-9259-672D389980AE}.Debug|Any CPU.Build.0 = Debug|Any CPU
		{1BF00400-5FE2-4655-9259-672D389980AE}.Release|Any CPU.ActiveCfg = Release|Any CPU
		{1BF00400-5FE2-4655-9259-672D389980AE}.Release|Any CPU.Build.0 = Release|Any CPU
		{D3E5EB16-CE96-432A-8A55-6C5F9802C2BF}.Debug|Any CPU.ActiveCfg = Debug|Any CPU
		{D3E5EB16-CE96-432A-8A55-6C5F9802C2BF}.Debug|Any CPU.Build.0 = Debug|Any CPU
		{D3E5EB16-CE96-432A-8A55-6C5F9802C2BF}.Release|Any CPU.ActiveCfg = Release|Any CPU
		{D3E5EB16-CE96-432A-8A55-6C5F9802C2BF}.Release|Any CPU.Build.0 = Release|Any CPU
		{55D64FD3-9C21-4E69-A9CE-D0063CF870E7}.Debug|Any CPU.ActiveCfg = Debug|Any CPU
		{55D64FD3-9C21-4E69-A9CE-D0063CF870E7}.Debug|Any CPU.Build.0 = Debug|Any CPU
		{55D64FD3-9C21-4E69-A9CE-D0063CF870E7}.Release|Any CPU.ActiveCfg = Release|Any CPU
		{55D64FD3-9C21-4E69-A9CE-D0063CF870E7}.Release|Any CPU.Build.0 = Release|Any CPU
		{3620826E-11DF-4570-ABC7-6C185D6FC426}.Debug|Any CPU.ActiveCfg = Debug|Any CPU
		{3620826E-11DF-4570-ABC7-6C185D6FC426}.Debug|Any CPU.Build.0 = Debug|Any CPU
		{3620826E-11DF-4570-ABC7-6C185D6FC426}.Release|Any CPU.ActiveCfg = Release|Any CPU
		{3620826E-11DF-4570-ABC7-6C185D6FC426}.Release|Any CPU.Build.0 = Release|Any CPU
		{3C123745-2F1E-436A-A6E2-484C22C54FC0}.Debug|Any CPU.ActiveCfg = Debug|Any CPU
		{3C123745-2F1E-436A-A6E2-484C22C54FC0}.Debug|Any CPU.Build.0 = Debug|Any CPU
		{3C123745-2F1E-436A-A6E2-484C22C54FC0}.Release|Any CPU.ActiveCfg = Release|Any CPU
		{3C123745-2F1E-436A-A6E2-484C22C54FC0}.Release|Any CPU.Build.0 = Release|Any CPU
	EndGlobalSection
	GlobalSection(SolutionProperties) = preSolution
		HideSolutionNode = FALSE
	EndGlobalSection
	GlobalSection(NestedProjects) = preSolution
		{1BF00400-5FE2-4655-9259-672D389980AE} = {CD77E19C-60BE-4DC4-B94B-FEBA2DEF5B32}
		{D3E5EB16-CE96-432A-8A55-6C5F9802C2BF} = {CD77E19C-60BE-4DC4-B94B-FEBA2DEF5B32}
		{55D64FD3-9C21-4E69-A9CE-D0063CF870E7} = {51C23541-03C3-4BB5-A903-2E4DEFC497F0}
		{3620826E-11DF-4570-ABC7-6C185D6FC426} = {51C23541-03C3-4BB5-A903-2E4DEFC497F0}
		{3C123745-2F1E-436A-A6E2-484C22C54FC0} = {07446FC9-3525-47FC-997C-9B2E72F0DBE0}
	EndGlobalSection
	GlobalSection(ExtensibilityGlobals) = postSolution
		SolutionGuid = {650FE311-FED1-482B-9525-942DAD39373D}
	EndGlobalSection
EndGlobal
